# This file is automatically @generated by Poetry 1.8.5 and should not be changed by hand.

[[package]]
name = "pycryptodome"
version = "3.21.0"
description = "Cryptographic library for Python"
optional = false
python-versions = "!=3.0.*,!=3.1.*,!=3.2.*,!=3.3.*,!=3.4.*,!=3.5.*,>=2.7"
files = [
    {file = "pycryptodome-3.21.0-cp27-cp27m-macosx_10_9_x86_64.whl", hash = "sha256:dad9bf36eda068e89059d1f07408e397856be9511d7113ea4b586642a429a4fd"},
    {file = "pycryptodome-3.21.0-cp27-cp27m-manylinux2010_i686.whl", hash = "sha256:a1752eca64c60852f38bb29e2c86fca30d7672c024128ef5d70cc15868fa10f4"},
    {file = "pycryptodome-3.21.0-cp27-cp27m-manylinux2010_x86_64.whl", hash = "sha256:3ba4cc304eac4d4d458f508d4955a88ba25026890e8abff9b60404f76a62c55e"},
    {file = "pycryptodome-3.21.0-cp27-cp27m-manylinux_2_17_aarch64.manylinux2014_aarch64.whl", hash = "sha256:7cb087b8612c8a1a14cf37dd754685be9a8d9869bed2ffaaceb04850a8aeef7e"},
    {file = "pycryptodome-3.21.0-cp27-cp27m-musllinux_1_1_aarch64.whl", hash = "sha256:26412b21df30b2861424a6c6d5b1d8ca8107612a4cfa4d0183e71c5d200fb34a"},
    {file = "pycryptodome-3.21.0-cp27-cp27m-win32.whl", hash = "sha256:cc2269ab4bce40b027b49663d61d816903a4bd90ad88cb99ed561aadb3888dd3"},
    {file = "pycryptodome-3.21.0-cp27-cp27m-win_amd64.whl", hash = "sha256:0fa0a05a6a697ccbf2a12cec3d6d2650b50881899b845fac6e87416f8cb7e87d"},
    {file = "pycryptodome-3.21.0-cp27-cp27mu-manylinux2010_i686.whl", hash = "sha256:6cce52e196a5f1d6797ff7946cdff2038d3b5f0aba4a43cb6bf46b575fd1b5bb"},
    {file = "pycryptodome-3.21.0-cp27-cp27mu-manylinux2010_x86_64.whl", hash = "sha256:a915597ffccabe902e7090e199a7bf7a381c5506a747d5e9d27ba55197a2c568"},
    {file = "pycryptodome-3.21.0-cp27-cp27mu-manylinux_2_17_aarch64.manylinux2014_aarch64.whl", hash = "sha256:a4e74c522d630766b03a836c15bff77cb657c5fdf098abf8b1ada2aebc7d0819"},
    {file = "pycryptodome-3.21.0-cp27-cp27mu-musllinux_1_1_aarch64.whl", hash = "sha256:a3804675283f4764a02db05f5191eb8fec2bb6ca34d466167fc78a5f05bbe6b3"},
    {file = "pycryptodome-3.21.0-cp36-abi3-macosx_10_9_universal2.whl", hash = "sha256:2480ec2c72438430da9f601ebc12c518c093c13111a5c1644c82cdfc2e50b1e4"},
    {file = "pycryptodome-3.21.0-cp36-abi3-macosx_10_9_x86_64.whl", hash = "sha256:de18954104667f565e2fbb4783b56667f30fb49c4d79b346f52a29cb198d5b6b"},
    {file = "pycryptodome-3.21.0-cp36-abi3-manylinux_2_17_aarch64.manylinux2014_aarch64.whl", hash = "sha256:2de4b7263a33947ff440412339cb72b28a5a4c769b5c1ca19e33dd6cd1dcec6e"},
    {file = "pycryptodome-3.21.0-cp36-abi3-manylinux_2_17_x86_64.manylinux2014_x86_64.whl", hash = "sha256:0714206d467fc911042d01ea3a1847c847bc10884cf674c82e12915cfe1649f8"},
    {file = "pycryptodome-3.21.0-cp36-abi3-manylinux_2_5_i686.manylinux1_i686.manylinux_2_17_i686.manylinux2014_i686.whl", hash = "sha256:7d85c1b613121ed3dbaa5a97369b3b757909531a959d229406a75b912dd51dd1"},
    {file = "pycryptodome-3.21.0-cp36-abi3-musllinux_1_1_aarch64.whl", hash = "sha256:8898a66425a57bcf15e25fc19c12490b87bd939800f39a03ea2de2aea5e3611a"},
    {file = "pycryptodome-3.21.0-cp36-abi3-musllinux_1_2_i686.whl", hash = "sha256:932c905b71a56474bff8a9c014030bc3c882cee696b448af920399f730a650c2"},
    {file = "pycryptodome-3.21.0-cp36-abi3-musllinux_1_2_x86_64.whl", hash = "sha256:18caa8cfbc676eaaf28613637a89980ad2fd96e00c564135bf90bc3f0b34dd93"},
    {file = "pycryptodome-3.21.0-cp36-abi3-win32.whl", hash = "sha256:280b67d20e33bb63171d55b1067f61fbd932e0b1ad976b3a184303a3dad22764"},
    {file = "pycryptodome-3.21.0-cp36-abi3-win_amd64.whl", hash = "sha256:b7aa25fc0baa5b1d95b7633af4f5f1838467f1815442b22487426f94e0d66c53"},
    {file = "pycryptodome-3.21.0-pp27-pypy_73-manylinux2010_x86_64.whl", hash = "sha256:2cb635b67011bc147c257e61ce864879ffe6d03342dc74b6045059dfbdedafca"},
    {file = "pycryptodome-3.21.0-pp27-pypy_73-win32.whl", hash = "sha256:4c26a2f0dc15f81ea3afa3b0c87b87e501f235d332b7f27e2225ecb80c0b1cdd"},
    {file = "pycryptodome-3.21.0-pp310-pypy310_pp73-macosx_10_15_x86_64.whl", hash = "sha256:d5ebe0763c982f069d3877832254f64974139f4f9655058452603ff559c482e8"},
    {file = "pycryptodome-3.21.0-pp310-pypy310_pp73-manylinux_2_17_x86_64.manylinux2014_x86_64.whl", hash = "sha256:7ee86cbde706be13f2dec5a42b52b1c1d1cbb90c8e405c68d0755134735c8dc6"},
    {file = "pycryptodome-3.21.0-pp310-pypy310_pp73-manylinux_2_5_i686.manylinux1_i686.manylinux_2_17_i686.manylinux2014_i686.whl", hash = "sha256:0fd54003ec3ce4e0f16c484a10bc5d8b9bd77fa662a12b85779a2d2d85d67ee0"},
    {file = "pycryptodome-3.21.0-pp310-pypy310_pp73-win_amd64.whl", hash = "sha256:5dfafca172933506773482b0e18f0cd766fd3920bd03ec85a283df90d8a17bc6"},
    {file = "pycryptodome-3.21.0-pp39-pypy39_pp73-macosx_10_15_x86_64.whl", hash = "sha256:590ef0898a4b0a15485b05210b4a1c9de8806d3ad3d47f74ab1dc07c67a6827f"},
    {file = "pycryptodome-3.21.0-pp39-pypy39_pp73-manylinux_2_17_x86_64.manylinux2014_x86_64.whl", hash = "sha256:f35e442630bc4bc2e1878482d6f59ea22e280d7121d7adeaedba58c23ab6386b"},
    {file = "pycryptodome-3.21.0-pp39-pypy39_pp73-manylinux_2_5_i686.manylinux1_i686.manylinux_2_17_i686.manylinux2014_i686.whl", hash = "sha256:ff99f952db3db2fbe98a0b355175f93ec334ba3d01bbde25ad3a5a33abc02b58"},
    {file = "pycryptodome-3.21.0-pp39-pypy39_pp73-win_amd64.whl", hash = "sha256:8acd7d34af70ee63f9a849f957558e49a98f8f1634f86a59d2be62bb8e93f71c"},
    {file = "pycryptodome-3.21.0.tar.gz", hash = "sha256:f7787e0d469bdae763b876174cf2e6c0f7be79808af26b1da96f1a64bcf47297"},
]

[[package]]
name = "pyqt6"
version = "6.8.0"
description = "Python bindings for the Qt cross platform application toolkit"
optional = false
python-versions = ">=3.9"
files = [
    {file = "PyQt6-6.8.0-cp39-abi3-macosx_10_14_universal2.whl", hash = "sha256:8c5c05f5fdff31a5887dbc29b27615b09df467631238d7b449283809ffca6228"},
    {file = "PyQt6-6.8.0-cp39-abi3-manylinux_2_35_x86_64.whl", hash = "sha256:452bae5840077bf0f146c798d7777f70d7bdd0c7dcfa9ee7a415c1daf2d10038"},
    {file = "PyQt6-6.8.0-cp39-abi3-manylinux_2_39_aarch64.whl", hash = "sha256:cf7123caea14e7ecf10bd12cae48e8d9970ef7caf627bc7d7988b0baa209adb3"},
    {file = "PyQt6-6.8.0-cp39-abi3-win_amd64.whl", hash = "sha256:a9913d479f1ffee804bf7f232079baea4fb4b221a8f4890117588917a54ea30d"},
    {file = "PyQt6-6.8.0-cp39-abi3-win_arm64.whl", hash = "sha256:48bace7b87676bba5e6114482f3a20ca20be90c7f261b5d340464313f5f2bf5e"},
    {file = "PyQt6-6.8.0.tar.gz", hash = "sha256:6d8628de4c2a050f0b74462e4c9cb97f839bf6ffabbca91711722ffb281570d9"},
]

[package.dependencies]
PyQt6-Qt6 = ">=6.8.0,<6.9.0"
PyQt6-sip = ">=13.8,<14"

[[package]]
name = "pyqt6-qt6"
version = "6.8.1"
description = "The subset of a Qt installation needed by PyQt6."
optional = false
python-versions = "*"
files = [
    {file = "PyQt6_Qt6-6.8.1-py3-none-macosx_10_14_x86_64.whl", hash = "sha256:1eb8460a1fdb38d0b2458c2974c01d471c1e59e4eb19ea63fc447aaba3ad530e"},
    {file = "PyQt6_Qt6-6.8.1-py3-none-macosx_11_0_arm64.whl", hash = "sha256:9f3790c4ce4dc576e48b8718d55fb8743057e6cbd53a6ca1dd253ffbac9b7287"},
    {file = "PyQt6_Qt6-6.8.1-py3-none-manylinux_2_35_x86_64.whl", hash = "sha256:08065d595f1e6fc2dde9f4450eeff89082f4bad26f600a8e9b9cc5966716bfcf"},
    {file = "PyQt6_Qt6-6.8.1-py3-none-manylinux_2_39_aarch64.whl", hash = "sha256:20843cb86bd94942d1cd99e39bf1aeabb875b241a35a8ab273e4bbbfa63776db"},
    {file = "PyQt6_Qt6-6.8.1-py3-none-win_amd64.whl", hash = "sha256:006d786693d0511fbcf184a862edbd339c6ed1bb3bd9de363d73a19ed4b23dff"},
    {file = "PyQt6_Qt6-6.8.1-py3-none-win_arm64.whl", hash = "sha256:a8bc2ed4ee5e7c6ff4dd1c7db0b27705d151fee5dc232bbd1bf17618f937f515"},
]

[[package]]
name = "pyqt6-sip"
version = "13.9.1"
description = "The sip module support for PyQt6"
optional = false
python-versions = ">=3.9"
files = [
    {file = "PyQt6_sip-13.9.1-cp310-cp310-macosx_10_9_universal2.whl", hash = "sha256:e996d320744ca8342cad6f9454345330d4f06bce129812d032bda3bad6967c5c"},
    {file = "PyQt6_sip-13.9.1-cp310-cp310-manylinux_2_17_aarch64.manylinux2014_aarch64.whl", hash = "sha256:2ab85aaf155828331399c59ebdd4d3b0358e42c08250e86b43d56d9873df148a"},
    {file = "PyQt6_sip-13.9.1-cp310-cp310-manylinux_2_5_x86_64.manylinux1_x86_64.whl", hash = "sha256:22d66256b800f552ade51a463510bf905f3cb318aae00ff4288fae4de5d0e600"},
    {file = "PyQt6_sip-13.9.1-cp310-cp310-win_amd64.whl", hash = "sha256:5643c92424fe62cb0b33378fef3d28c1525f91ada79e8a15bd9a05414a09503d"},
    {file = "PyQt6_sip-13.9.1-cp311-cp311-macosx_10_9_universal2.whl", hash = "sha256:57b5312ef13c1766bdf69b317041140b184eb24a51e1e23ce8fc5386ba8dffb2"},
    {file = "PyQt6_sip-13.9.1-cp311-cp311-manylinux_2_17_aarch64.manylinux2014_aarch64.whl", hash = "sha256:5004514b08b045ad76425cf3618187091a668d972b017677b1b4b193379ef553"},
    {file = "PyQt6_sip-13.9.1-cp311-cp311-manylinux_2_5_x86_64.manylinux1_x86_64.whl", hash = "sha256:accab6974b2758296400120fdcc9d1f37785b2ea2591f00656e1776f058ded6c"},
    {file = "PyQt6_sip-13.9.1-cp311-cp311-win_amd64.whl", hash = "sha256:1ec52e962f54137a19208b6e95b6bd9f7a403eb25d7237768a99306cd9db26d1"},
    {file = "PyQt6_sip-13.9.1-cp311-cp311-win_arm64.whl", hash = "sha256:6e6c1e2592187934f4e790c0c099d0033e986dcef7bdd3c06e3895ffa995e9fc"},
    {file = "PyQt6_sip-13.9.1-cp312-cp312-macosx_10_9_universal2.whl", hash = "sha256:1fb405615970e85b622b13b4cad140ff1e4182eb8334a0b27a4698e6217b89b0"},
    {file = "PyQt6_sip-13.9.1-cp312-cp312-manylinux_2_17_aarch64.manylinux2014_aarch64.whl", hash = "sha256:c800db3464481e87b1d2b84523b075df1e8fc7856c6f9623dc243f89be1cb604"},
    {file = "PyQt6_sip-13.9.1-cp312-cp312-manylinux_2_5_x86_64.manylinux1_x86_64.whl", hash = "sha256:c1942e107b0243ced9e510d507e0f27aeea9d6b13e0a1b7c06fd52a62e0d41f7"},
    {file = "PyQt6_sip-13.9.1-cp312-cp312-win_amd64.whl", hash = "sha256:552ff8fdc41f5769d3eccc661f022ed496f55f6e0a214c20aaf56e56385d61b6"},
    {file = "PyQt6_sip-13.9.1-cp312-cp312-win_arm64.whl", hash = "sha256:976c7758f668806d4df7a8853f390ac123d5d1f73591ed368bdb8963574ff589"},
    {file = "PyQt6_sip-13.9.1-cp313-cp313-macosx_10_13_universal2.whl", hash = "sha256:56ce0afb19cd8a8c63ff93ae506dffb74f844b88adaa6673ebc0dec43af48a76"},
    {file = "PyQt6_sip-13.9.1-cp313-cp313-manylinux_2_17_aarch64.manylinux2014_aarch64.whl", hash = "sha256:5d7726556d1ca7a7ed78e19ba53285b64a2a8f6ad7ff4cb18a1832efca1a3102"},
    {file = "PyQt6_sip-13.9.1-cp313-cp313-manylinux_2_5_x86_64.manylinux1_x86_64.whl", hash = "sha256:14f95c6352e3b85dc26bf59cfbf77a470ecbd5fcdcf00af4b648f0e1b9eefb9e"},
    {file = "PyQt6_sip-13.9.1-cp313-cp313-win_amd64.whl", hash = "sha256:3c269052c770c09b61fce2f2f9ea934a67dfc65f443d59629b4ccc8f89751890"},
    {file = "PyQt6_sip-13.9.1-cp313-cp313-win_arm64.whl", hash = "sha256:8b2ac36d6e04db6099614b9c1178a2f87788c7ffc3826571fb63d36ddb4c401d"},
    {file = "PyQt6_sip-13.9.1-cp39-cp39-macosx_10_9_universal2.whl", hash = "sha256:69a879cfc94f4984d180321b76f52923861cd5bf4969aa885eef7591ee932517"},
    {file = "PyQt6_sip-13.9.1-cp39-cp39-manylinux_2_17_aarch64.manylinux2014_aarch64.whl", hash = "sha256:fa27b51ae4c7013b3700cf0ecf46907d1333ae396fc6511311920485cbce094b"},
    {file = "PyQt6_sip-13.9.1-cp39-cp39-manylinux_2_5_x86_64.manylinux1_x86_64.whl", hash = "sha256:1d322ded1d1fea339cc6ac65b768e72c69c486eebb7db6ccde061b5786d74cc5"},
    {file = "PyQt6_sip-13.9.1-cp39-cp39-win_amd64.whl", hash = "sha256:8c207528992d59b0801458aa6fcff118e5c099608ef0fc6ff8bccbdc23f29c04"},
    {file = "pyqt6_sip-13.9.1.tar.gz", hash = "sha256:15be741d1ae8c82bb7afe9a61f3cf8c50457f7d61229a1c39c24cd6e8f4d86dc"},
]

[metadata]
lock-version = "2.0"
python-versions = "^3.12"
content-hash = "1d72f2b0262cb476e547510b5571007b596de5901c0d08775ec657db1b85b735"
